
Microsoft Visual Studio Solution File, Format Version 12.00
# Visual Studio Version 17
VisualStudioVersion = 17.3.32901.215
MinimumVisualStudioVersion = 10.0.40219.1
Project("{FAE04EC0-301F-11D3-BF4B-00C04F79EFBC}") = "Ejercicio 9. Nómina", "Ejercicio 9. Nómina\Ejercicio 9. Nómina.csproj", "{6EFB75FE-CE1B-4857-805D-DF62041F04C5}"
EndProject
Global
	GlobalSection(SolutionConfigurationPlatforms) = preSolution
		Debug|Any CPU = Debug|Any CPU
		Release|Any CPU = Release|Any CPU
	EndGlobalSection
	GlobalSection(ProjectConfigurationPlatforms) = postSolution
		{6EFB75FE-CE1B-4857-805D-DF62041F04C5}.Debug|Any CPU.ActiveCfg = Debug|Any CPU
		{6EFB75FE-CE1B-4857-805D-DF62041F04C5}.Debug|Any CPU.Build.0 = Debug|Any CPU
		{6EFB75FE-CE1B-4857-805D-DF62041F04C5}.Release|Any CPU.ActiveCfg = Release|Any CPU
		{6EFB75FE-CE1B-4857-805D-DF62041F04C5}.Release|Any CPU.Build.0 = Release|Any CPU
	EndGlobalSection
	GlobalSection(SolutionProperties) = preSolution
		HideSolutionNode = FALSE
	EndGlobalSection
	GlobalSection(ExtensibilityGlobals) = postSolution
		SolutionGuid = {7D019CC2-8702-4106-A0EC-DAF3448BD097}
	EndGlobalSection
EndGlobal
