
Microsoft Visual Studio Solution File, Format Version 12.00
# Visual Studio Version 17
VisualStudioVersion = 17.3.32901.215
MinimumVisualStudioVersion = 10.0.40219.1
Project("{FAE04EC0-301F-11D3-BF4B-00C04F79EFBC}") = "Ejercicio 6. Metodos de Pago", "Ejercicio 6. Metodos de Pago\Ejercicio 6. Metodos de Pago.csproj", "{B432E0EC-A21B-4CF9-9F38-25BC725ACEDE}"
EndProject
Global
	GlobalSection(SolutionConfigurationPlatforms) = preSolution
		Debug|Any CPU = Debug|Any CPU
		Release|Any CPU = Release|Any CPU
	EndGlobalSection
	GlobalSection(ProjectConfigurationPlatforms) = postSolution
		{B432E0EC-A21B-4CF9-9F38-25BC725ACEDE}.Debug|Any CPU.ActiveCfg = Debug|Any CPU
		{B432E0EC-A21B-4CF9-9F38-25BC725ACEDE}.Debug|Any CPU.Build.0 = Debug|Any CPU
		{B432E0EC-A21B-4CF9-9F38-25BC725ACEDE}.Release|Any CPU.ActiveCfg = Release|Any CPU
		{B432E0EC-A21B-4CF9-9F38-25BC725ACEDE}.Release|Any CPU.Build.0 = Release|Any CPU
	EndGlobalSection
	GlobalSection(SolutionProperties) = preSolution
		HideSolutionNode = FALSE
	EndGlobalSection
	GlobalSection(ExtensibilityGlobals) = postSolution
		SolutionGuid = {0396188D-343A-41E8-9934-052C5B50B2EA}
	EndGlobalSection
EndGlobal
