
Microsoft Visual Studio Solution File, Format Version 12.00
# Visual Studio Version 17
VisualStudioVersion = 17.3.32901.215
MinimumVisualStudioVersion = 10.0.40219.1
Project("{FAE04EC0-301F-11D3-BF4B-00C04F79EFBC}") = "App Timer", "App Timer\App Timer.csproj", "{631EAE40-D236-4BBD-BA30-D60862860186}"
EndProject
Global
	GlobalSection(SolutionConfigurationPlatforms) = preSolution
		Debug|Any CPU = Debug|Any CPU
		Release|Any CPU = Release|Any CPU
	EndGlobalSection
	GlobalSection(ProjectConfigurationPlatforms) = postSolution
		{631EAE40-D236-4BBD-BA30-D60862860186}.Debug|Any CPU.ActiveCfg = Debug|Any CPU
		{631EAE40-D236-4BBD-BA30-D60862860186}.Debug|Any CPU.Build.0 = Debug|Any CPU
		{631EAE40-D236-4BBD-BA30-D60862860186}.Release|Any CPU.ActiveCfg = Release|Any CPU
		{631EAE40-D236-4BBD-BA30-D60862860186}.Release|Any CPU.Build.0 = Release|Any CPU
	EndGlobalSection
	GlobalSection(SolutionProperties) = preSolution
		HideSolutionNode = FALSE
	EndGlobalSection
	GlobalSection(ExtensibilityGlobals) = postSolution
		SolutionGuid = {720F2BF5-D188-4797-BE41-CCE5FF1C95C7}
	EndGlobalSection
EndGlobal
